
Microsoft Visual Studio Solution File, Format Version 12.00
# Visual Studio Version 16
VisualStudioVersion = 16.0.30523.141
MinimumVisualStudioVersion = 10.0.40219.1
Project("{FAE04EC0-301F-11D3-BF4B-00C04F79EFBC}") = "DogShop", "DogShop\DogShop.csproj", "{1C66247F-20DD-4C44-A475-C664AEBDC01D}"
EndProject
Global
	GlobalSection(SolutionConfigurationPlatforms) = preSolution
		Debug|Any CPU = Debug|Any CPU
		Release|Any CPU = Release|Any CPU
	EndGlobalSection
	GlobalSection(ProjectConfigurationPlatforms) = postSolution
		{1C66247F-20DD-4C44-A475-C664AEBDC01D}.Debug|Any CPU.ActiveCfg = Debug|Any CPU
		{1C66247F-20DD-4C44-A475-C664AEBDC01D}.Debug|Any CPU.Build.0 = Debug|Any CPU
		{1C66247F-20DD-4C44-A475-C664AEBDC01D}.Release|Any CPU.ActiveCfg = Release|Any CPU
		{1C66247F-20DD-4C44-A475-C664AEBDC01D}.Release|Any CPU.Build.0 = Release|Any CPU
	EndGlobalSection
	GlobalSection(SolutionProperties) = preSolution
		HideSolutionNode = FALSE
	EndGlobalSection
	GlobalSection(ExtensibilityGlobals) = postSolution
		SolutionGuid = {631AC0C2-4E8D-4007-BB47-1D88C6989773}
	EndGlobalSection
EndGlobal
